
Microsoft Visual Studio Solution File, Format Version 11.00
# Visual Studio 2010
Project("{FAE04EC0-301F-11D3-BF4B-00C04F79EFBC}") = "Assembly-CSharp", "Assembly-CSharp.csproj", "{be46c290-408c-e3e9-1af2-7692373bc83a}"
EndProject
Project("{FAE04EC0-301F-11D3-BF4B-00C04F79EFBC}") = "NativeShare.Runtime", "NativeShare.Runtime.csproj", "{0ce8870c-e244-7f08-08e4-681800e4ee93}"
EndProject
Project("{FAE04EC0-301F-11D3-BF4B-00C04F79EFBC}") = "NativeShare.Editor", "NativeShare.Editor.csproj", "{1d74f6fd-d28a-0ffb-9298-75da6584055f}"
EndProject
Global
	GlobalSection(SolutionConfigurationPlatforms) = preSolution
		Debug|Any CPU = Debug|Any CPU
	EndGlobalSection
	GlobalSection(ProjectConfigurationPlatforms) = postSolution
		{be46c290-408c-e3e9-1af2-7692373bc83a}.Debug|Any CPU.ActiveCfg = Debug|Any CPU
		{be46c290-408c-e3e9-1af2-7692373bc83a}.Debug|Any CPU.Build.0 = Debug|Any CPU
		{0ce8870c-e244-7f08-08e4-681800e4ee93}.Debug|Any CPU.ActiveCfg = Debug|Any CPU
		{0ce8870c-e244-7f08-08e4-681800e4ee93}.Debug|Any CPU.Build.0 = Debug|Any CPU
		{1d74f6fd-d28a-0ffb-9298-75da6584055f}.Debug|Any CPU.ActiveCfg = Debug|Any CPU
		{1d74f6fd-d28a-0ffb-9298-75da6584055f}.Debug|Any CPU.Build.0 = Debug|Any CPU
	EndGlobalSection
	GlobalSection(SolutionProperties) = preSolution
		HideSolutionNode = FALSE
	EndGlobalSection
EndGlobal
